
Microsoft Visual Studio Solution File, Format Version 12.00
# Visual Studio Version 16
VisualStudioVersion = 16.0.31025.194
MinimumVisualStudioVersion = 10.0.40219.1
Project("{FAE04EC0-301F-11D3-BF4B-00C04F79EFBC}") = "ExampleImageInAzureStorage", "ExampleImageInAzureStorage\ExampleImageInAzureStorage.csproj", "{44E49D40-AA19-4C9F-AE4F-4F32D2E66CB7}"
EndProject
Global
	GlobalSection(SolutionConfigurationPlatforms) = preSolution
		Debug|Any CPU = Debug|Any CPU
		Release|Any CPU = Release|Any CPU
	EndGlobalSection
	GlobalSection(ProjectConfigurationPlatforms) = postSolution
		{44E49D40-AA19-4C9F-AE4F-4F32D2E66CB7}.Debug|Any CPU.ActiveCfg = Debug|Any CPU
		{44E49D40-AA19-4C9F-AE4F-4F32D2E66CB7}.Debug|Any CPU.Build.0 = Debug|Any CPU
		{44E49D40-AA19-4C9F-AE4F-4F32D2E66CB7}.Release|Any CPU.ActiveCfg = Release|Any CPU
		{44E49D40-AA19-4C9F-AE4F-4F32D2E66CB7}.Release|Any CPU.Build.0 = Release|Any CPU
	EndGlobalSection
	GlobalSection(SolutionProperties) = preSolution
		HideSolutionNode = FALSE
	EndGlobalSection
	GlobalSection(ExtensibilityGlobals) = postSolution
		SolutionGuid = {B3381732-331A-4031-9613-8B02594E5C83}
	EndGlobalSection
EndGlobal
